// !$*UTF8*$!
{
	archiveVersion = 1;
	classes = {
	};
	objectVersion = 56;
	objects = {

/* Begin PBXBuildFile section */
		A1175E79032784541D096CA6 /* Pods_TigerCityInSwift.framework in Frameworks */ = {isa = PBXBuildFile; fileRef = D8A5721DCE7AFF19DA9F24E5 /* Pods_TigerCityInSwift.framework */; };
		F988E3662ABAE9CC00C6509F /* Basic.swift in Sources */ = {isa = PBXBuildFile; fileRef = F988E3652ABAE9CC00C6509F /* Basic.swift */; };
		F988E3682ABAF4D700C6509F /* Macro.swift in Sources */ = {isa = PBXBuildFile; fileRef = F988E3672ABAF4D700C6509F /* Macro.swift */; };
		F9AD84702AA8196A00B9E98F /* AppDelegate.swift in Sources */ = {isa = PBXBuildFile; fileRef = F9AD846F2AA8196A00B9E98F /* AppDelegate.swift */; };
		F9AD84722AA8196A00B9E98F /* SceneDelegate.swift in Sources */ = {isa = PBXBuildFile; fileRef = F9AD84712AA8196A00B9E98F /* SceneDelegate.swift */; };
		F9AD84742AA8196A00B9E98F /* ViewController.swift in Sources */ = {isa = PBXBuildFile; fileRef = F9AD84732AA8196A00B9E98F /* ViewController.swift */; };
		F9AD84772AA8196A00B9E98F /* Main.storyboard in Resources */ = {isa = PBXBuildFile; fileRef = F9AD84752AA8196A00B9E98F /* Main.storyboard */; };
		F9AD84792AA8196D00B9E98F /* Assets.xcassets in Resources */ = {isa = PBXBuildFile; fileRef = F9AD84782AA8196D00B9E98F /* Assets.xcassets */; };
		F9AD847C2AA8196D00B9E98F /* LaunchScreen.storyboard in Resources */ = {isa = PBXBuildFile; fileRef = F9AD847A2AA8196D00B9E98F /* LaunchScreen.storyboard */; };
		F9AD84852AA8513700B9E98F /* HomeViewController.swift in Sources */ = {isa = PBXBuildFile; fileRef = F9AD84842AA8513700B9E98F /* HomeViewController.swift */; };
		F9AD84882AA8518D00B9E98F /* MessageViewController.swift in Sources */ = {isa = PBXBuildFile; fileRef = F9AD84872AA8518D00B9E98F /* MessageViewController.swift */; };
		F9AD848B2AA85F7200B9E98F /* CartViewController.swift in Sources */ = {isa = PBXBuildFile; fileRef = F9AD848A2AA85F7200B9E98F /* CartViewController.swift */; };
		F9AD848D2AA8783300B9E98F /* BaseNavigationController.swift in Sources */ = {isa = PBXBuildFile; fileRef = F9AD848C2AA8783300B9E98F /* BaseNavigationController.swift */; };
		F9AD84922AA970BA00B9E98F /* HomeNavigationView.swift in Sources */ = {isa = PBXBuildFile; fileRef = F9AD84912AA970BA00B9E98F /* HomeNavigationView.swift */; };
		F9AD84942AAB09AB00B9E98F /* HomeRecommendViewController.swift in Sources */ = {isa = PBXBuildFile; fileRef = F9AD84932AAB09AB00B9E98F /* HomeRecommendViewController.swift */; };
		F9AD84962AAB133700B9E98F /* ProductCollectionViewCell.swift in Sources */ = {isa = PBXBuildFile; fileRef = F9AD84952AAB133700B9E98F /* ProductCollectionViewCell.swift */; };
		F9AD84982AAB14B900B9E98F /* HomeBrandListController.swift in Sources */ = {isa = PBXBuildFile; fileRef = F9AD84972AAB14B900B9E98F /* HomeBrandListController.swift */; };
		F9C986122AAF105E00780A79 /* ProductModel.swift in Sources */ = {isa = PBXBuildFile; fileRef = F9C986112AAF105E00780A79 /* ProductModel.swift */; };
		F9C986162AB1BF1D00780A79 /* Api.swift in Sources */ = {isa = PBXBuildFile; fileRef = F9C986152AB1BF1D00780A79 /* Api.swift */; };
		F9E2F1C32AB98D1200E17422 /* ModuleConfigData.swift in Sources */ = {isa = PBXBuildFile; fileRef = F9E2F1C22AB98D1200E17422 /* ModuleConfigData.swift */; };
/* End PBXBuildFile section */

/* Begin PBXFileReference section */
		53F01E29B03127FEF4391B89 /* Pods-TigerCityInSwift.debug.xcconfig */ = {isa = PBXFileReference; includeInIndex = 1; lastKnownFileType = text.xcconfig; name = "Pods-TigerCityInSwift.debug.xcconfig"; path = "Target Support Files/Pods-TigerCityInSwift/Pods-TigerCityInSwift.debug.xcconfig"; sourceTree = "<group>"; };
		74E00135B7EF32B24F9EDF08 /* Pods-TigerCityInSwift.release.xcconfig */ = {isa = PBXFileReference; includeInIndex = 1; lastKnownFileType = text.xcconfig; name = "Pods-TigerCityInSwift.release.xcconfig"; path = "Target Support Files/Pods-TigerCityInSwift/Pods-TigerCityInSwift.release.xcconfig"; sourceTree = "<group>"; };
		D8A5721DCE7AFF19DA9F24E5 /* Pods_TigerCityInSwift.framework */ = {isa = PBXFileReference; explicitFileType = wrapper.framework; includeInIndex = 0; path = Pods_TigerCityInSwift.framework; sourceTree = BUILT_PRODUCTS_DIR; };
		F988E3652ABAE9CC00C6509F /* Basic.swift */ = {isa = PBXFileReference; lastKnownFileType = sourcecode.swift; path = Basic.swift; sourceTree = "<group>"; };
		F988E3672ABAF4D700C6509F /* Macro.swift */ = {isa = PBXFileReference; lastKnownFileType = sourcecode.swift; path = Macro.swift; sourceTree = "<group>"; };
		F9AD846C2AA8196A00B9E98F /* TigerCityInSwift.app */ = {isa = PBXFileReference; explicitFileType = wrapper.application; includeInIndex = 0; path = TigerCityInSwift.app; sourceTree = BUILT_PRODUCTS_DIR; };
		F9AD846F2AA8196A00B9E98F /* AppDelegate.swift */ = {isa = PBXFileReference; lastKnownFileType = sourcecode.swift; path = AppDelegate.swift; sourceTree = "<group>"; };
		F9AD84712AA8196A00B9E98F /* SceneDelegate.swift */ = {isa = PBXFileReference; lastKnownFileType = sourcecode.swift; path = SceneDelegate.swift; sourceTree = "<group>"; };
		F9AD84732AA8196A00B9E98F /* ViewController.swift */ = {isa = PBXFileReference; lastKnownFileType = sourcecode.swift; path = ViewController.swift; sourceTree = "<group>"; };
		F9AD84762AA8196A00B9E98F /* Base */ = {isa = PBXFileReference; lastKnownFileType = file.storyboard; name = Base; path = Base.lproj/Main.storyboard; sourceTree = "<group>"; };
		F9AD84782AA8196D00B9E98F /* Assets.xcassets */ = {isa = PBXFileReference; lastKnownFileType = folder.assetcatalog; path = Assets.xcassets; sourceTree = "<group>"; };
		F9AD847B2AA8196D00B9E98F /* Base */ = {isa = PBXFileReference; lastKnownFileType = file.storyboard; name = Base; path = Base.lproj/LaunchScreen.storyboard; sourceTree = "<group>"; };
		F9AD847D2AA8196D00B9E98F /* Info.plist */ = {isa = PBXFileReference; lastKnownFileType = text.plist.xml; path = Info.plist; sourceTree = "<group>"; };
		F9AD84842AA8513700B9E98F /* HomeViewController.swift */ = {isa = PBXFileReference; lastKnownFileType = sourcecode.swift; path = HomeViewController.swift; sourceTree = "<group>"; };
		F9AD84872AA8518D00B9E98F /* MessageViewController.swift */ = {isa = PBXFileReference; lastKnownFileType = sourcecode.swift; path = MessageViewController.swift; sourceTree = "<group>"; };
		F9AD848A2AA85F7200B9E98F /* CartViewController.swift */ = {isa = PBXFileReference; lastKnownFileType = sourcecode.swift; path = CartViewController.swift; sourceTree = "<group>"; };
		F9AD848C2AA8783300B9E98F /* BaseNavigationController.swift */ = {isa = PBXFileReference; lastKnownFileType = sourcecode.swift; path = BaseNavigationController.swift; sourceTree = "<group>"; };
		F9AD84912AA970BA00B9E98F /* HomeNavigationView.swift */ = {isa = PBXFileReference; lastKnownFileType = sourcecode.swift; path = HomeNavigationView.swift; sourceTree = "<group>"; };
		F9AD84932AAB09AB00B9E98F /* HomeRecommendViewController.swift */ = {isa = PBXFileReference; lastKnownFileType = sourcecode.swift; path = HomeRecommendViewController.swift; sourceTree = "<group>"; };
		F9AD84952AAB133700B9E98F /* ProductCollectionViewCell.swift */ = {isa = PBXFileReference; lastKnownFileType = sourcecode.swift; path = ProductCollectionViewCell.swift; sourceTree = "<group>"; };
		F9AD84972AAB14B900B9E98F /* HomeBrandListController.swift */ = {isa = PBXFileReference; lastKnownFileType = sourcecode.swift; path = HomeBrandListController.swift; sourceTree = "<group>"; };
		F9C986112AAF105E00780A79 /* ProductModel.swift */ = {isa = PBXFileReference; lastKnownFileType = sourcecode.swift; path = ProductModel.swift; sourceTree = "<group>"; };
		F9C986152AB1BF1D00780A79 /* Api.swift */ = {isa = PBXFileReference; lastKnownFileType = sourcecode.swift; path = Api.swift; sourceTree = "<group>"; };
		F9E2F1C22AB98D1200E17422 /* ModuleConfigData.swift */ = {isa = PBXFileReference; lastKnownFileType = sourcecode.swift; path = ModuleConfigData.swift; sourceTree = "<group>"; };
/* End PBXFileReference section */

/* Begin PBXFrameworksBuildPhase section */
		F9AD84692AA8196A00B9E98F /* Frameworks */ = {
			isa = PBXFrameworksBuildPhase;
			buildActionMask = 2147483647;
			files = (
				A1175E79032784541D096CA6 /* Pods_TigerCityInSwift.framework in Frameworks */,
			);
			runOnlyForDeploymentPostprocessing = 0;
		};
/* End PBXFrameworksBuildPhase section */

/* Begin PBXGroup section */
		007350F2987C253546C4DE3E /* Pods */ = {
			isa = PBXGroup;
			children = (
				53F01E29B03127FEF4391B89 /* Pods-TigerCityInSwift.debug.xcconfig */,
				74E00135B7EF32B24F9EDF08 /* Pods-TigerCityInSwift.release.xcconfig */,
			);
			path = Pods;
			sourceTree = "<group>";
		};
		5F976BA1BB75670A74F30234 /* Frameworks */ = {
			isa = PBXGroup;
			children = (
				D8A5721DCE7AFF19DA9F24E5 /* Pods_TigerCityInSwift.framework */,
			);
			name = Frameworks;
			sourceTree = "<group>";
		};
		F9AD84632AA8196A00B9E98F = {
			isa = PBXGroup;
			children = (
				F9AD846E2AA8196A00B9E98F /* TigerCityInSwift */,
				F9AD846D2AA8196A00B9E98F /* Products */,
				007350F2987C253546C4DE3E /* Pods */,
				5F976BA1BB75670A74F30234 /* Frameworks */,
			);
			sourceTree = "<group>";
		};
		F9AD846D2AA8196A00B9E98F /* Products */ = {
			isa = PBXGroup;
			children = (
				F9AD846C2AA8196A00B9E98F /* TigerCityInSwift.app */,
			);
			name = Products;
			sourceTree = "<group>";
		};
		F9AD846E2AA8196A00B9E98F /* TigerCityInSwift */ = {
			isa = PBXGroup;
			children = (
				F9C986132AB169D600780A79 /* Api */,
				F9AD848E2AA8784400B9E98F /* Base */,
				F9AD84892AA85F5D00B9E98F /* Cart */,
				F9AD84862AA8517700B9E98F /* Message */,
				F9AD84832AA850DF00B9E98F /* Home */,
				F9AD846F2AA8196A00B9E98F /* AppDelegate.swift */,
				F9AD84712AA8196A00B9E98F /* SceneDelegate.swift */,
				F9AD84732AA8196A00B9E98F /* ViewController.swift */,
				F9AD84752AA8196A00B9E98F /* Main.storyboard */,
				F9AD84782AA8196D00B9E98F /* Assets.xcassets */,
				F9AD847A2AA8196D00B9E98F /* LaunchScreen.storyboard */,
				F9AD847D2AA8196D00B9E98F /* Info.plist */,
			);
			path = TigerCityInSwift;
			sourceTree = "<group>";
		};
		F9AD84832AA850DF00B9E98F /* Home */ = {
			isa = PBXGroup;
			children = (
				F9C986102AAF103B00780A79 /* Model */,
				F9AD84902AA9709200B9E98F /* controller */,
				F9AD848F2AA9708900B9E98F /* view */,
			);
			path = Home;
			sourceTree = "<group>";
		};
		F9AD84862AA8517700B9E98F /* Message */ = {
			isa = PBXGroup;
			children = (
				F9AD84872AA8518D00B9E98F /* MessageViewController.swift */,
			);
			path = Message;
			sourceTree = "<group>";
		};
		F9AD84892AA85F5D00B9E98F /* Cart */ = {
			isa = PBXGroup;
			children = (
				F9AD848A2AA85F7200B9E98F /* CartViewController.swift */,
			);
			path = Cart;
			sourceTree = "<group>";
		};
		F9AD848E2AA8784400B9E98F /* Base */ = {
			isa = PBXGroup;
			children = (
				F9AD848C2AA8783300B9E98F /* BaseNavigationController.swift */,
				F988E3652ABAE9CC00C6509F /* Basic.swift */,
				F988E3672ABAF4D700C6509F /* Macro.swift */,
			);
			path = Base;
			sourceTree = "<group>";
		};
		F9AD848F2AA9708900B9E98F /* view */ = {
			isa = PBXGroup;
			children = (
				F9AD84912AA970BA00B9E98F /* HomeNavigationView.swift */,
				F9AD84952AAB133700B9E98F /* ProductCollectionViewCell.swift */,
			);
			path = view;
			sourceTree = "<group>";
		};
		F9AD84902AA9709200B9E98F /* controller */ = {
			isa = PBXGroup;
			children = (
				F9AD84842AA8513700B9E98F /* HomeViewController.swift */,
				F9AD84932AAB09AB00B9E98F /* HomeRecommendViewController.swift */,
				F9AD84972AAB14B900B9E98F /* HomeBrandListController.swift */,
			);
			path = controller;
			sourceTree = "<group>";
		};
		F9C986102AAF103B00780A79 /* Model */ = {
			isa = PBXGroup;
			children = (
				F9C986112AAF105E00780A79 /* ProductModel.swift */,
				F9E2F1C22AB98D1200E17422 /* ModuleConfigData.swift */,
			);
			path = Model;
			sourceTree = "<group>";
		};
		F9C986132AB169D600780A79 /* Api */ = {
			isa = PBXGroup;
			children = (
				F9C986142AB169DF00780A79 /* HomeApi */,
			);
			path = Api;
			sourceTree = "<group>";
		};
		F9C986142AB169DF00780A79 /* HomeApi */ = {
			isa = PBXGroup;
			children = (
				F9C986152AB1BF1D00780A79 /* Api.swift */,
			);
			path = HomeApi;
			sourceTree = "<group>";
		};
/* End PBXGroup section */

/* Begin PBXNativeTarget section */
		F9AD846B2AA8196A00B9E98F /* TigerCityInSwift */ = {
			isa = PBXNativeTarget;
			buildConfigurationList = F9AD84802AA8196D00B9E98F /* Build configuration list for PBXNativeTarget "TigerCityInSwift" */;
			buildPhases = (
				C94404FBF9415FDB38C0A069 /* [CP] Check Pods Manifest.lock */,
				F9AD84682AA8196A00B9E98F /* Sources */,
				F9AD84692AA8196A00B9E98F /* Frameworks */,
				F9AD846A2AA8196A00B9E98F /* Resources */,
				959186276B6B52CE916A6270 /* [CP] Embed Pods Frameworks */,
			);
			buildRules = (
			);
			dependencies = (
			);
			name = TigerCityInSwift;
			productName = TigerCityInSwift;
			productReference = F9AD846C2AA8196A00B9E98F /* TigerCityInSwift.app */;
			productType = "com.apple.product-type.application";
		};
/* End PBXNativeTarget section */

/* Begin PBXProject section */
		F9AD84642AA8196A00B9E98F /* Project object */ = {
			isa = PBXProject;
			attributes = {
				BuildIndependentTargetsInParallel = 1;
				LastSwiftUpdateCheck = 1400;
				LastUpgradeCheck = 1400;
				TargetAttributes = {
					F9AD846B2AA8196A00B9E98F = {
						CreatedOnToolsVersion = 14.0;
					};
				};
			};
			buildConfigurationList = F9AD84672AA8196A00B9E98F /* Build configuration list for PBXProject "TigerCityInSwift" */;
			compatibilityVersion = "Xcode 14.0";
			developmentRegion = en;
			hasScannedForEncodings = 0;
			knownRegions = (
				en,
				Base,
			);
			mainGroup = F9AD84632AA8196A00B9E98F;
			productRefGroup = F9AD846D2AA8196A00B9E98F /* Products */;
			projectDirPath = "";
			projectRoot = "";
			targets = (
				F9AD846B2AA8196A00B9E98F /* TigerCityInSwift */,
			);
		};
/* End PBXProject section */

/* Begin PBXResourcesBuildPhase section */
		F9AD846A2AA8196A00B9E98F /* Resources */ = {
			isa = PBXResourcesBuildPhase;
			buildActionMask = 2147483647;
			files = (
				F9AD847C2AA8196D00B9E98F /* LaunchScreen.storyboard in Resources */,
				F9AD84792AA8196D00B9E98F /* Assets.xcassets in Resources */,
				F9AD84772AA8196A00B9E98F /* Main.storyboard in Resources */,
			);
			runOnlyForDeploymentPostprocessing = 0;
		};
/* End PBXResourcesBuildPhase section */

/* Begin PBXShellScriptBuildPhase section */
		959186276B6B52CE916A6270 /* [CP] Embed Pods Frameworks */ = {
			isa = PBXShellScriptBuildPhase;
			buildActionMask = 2147483647;
			files = (
			);
			inputFileListPaths = (
				"${PODS_ROOT}/Target Support Files/Pods-TigerCityInSwift/Pods-TigerCityInSwift-frameworks-${CONFIGURATION}-input-files.xcfilelist",
			);
			name = "[CP] Embed Pods Frameworks";
			outputFileListPaths = (
				"${PODS_ROOT}/Target Support Files/Pods-TigerCityInSwift/Pods-TigerCityInSwift-frameworks-${CONFIGURATION}-output-files.xcfilelist",
			);
			runOnlyForDeploymentPostprocessing = 0;
			shellPath = /bin/sh;
			shellScript = "\"${PODS_ROOT}/Target Support Files/Pods-TigerCityInSwift/Pods-TigerCityInSwift-frameworks.sh\"\n";
			showEnvVarsInLog = 0;
		};
		C94404FBF9415FDB38C0A069 /* [CP] Check Pods Manifest.lock */ = {
			isa = PBXShellScriptBuildPhase;
			buildActionMask = 2147483647;
			files = (
			);
			inputFileListPaths = (
			);
			inputPaths = (
				"${PODS_PODFILE_DIR_PATH}/Podfile.lock",
				"${PODS_ROOT}/Manifest.lock",
			);
			name = "[CP] Check Pods Manifest.lock";
			outputFileListPaths = (
			);
			outputPaths = (
				"$(DERIVED_FILE_DIR)/Pods-TigerCityInSwift-checkManifestLockResult.txt",
			);
			runOnlyForDeploymentPostprocessing = 0;
			shellPath = /bin/sh;
			shellScript = "diff \"${PODS_PODFILE_DIR_PATH}/Podfile.lock\" \"${PODS_ROOT}/Manifest.lock\" > /dev/null\nif [ $? != 0 ] ; then\n    # print error to STDERR\n    echo \"error: The sandbox is not in sync with the Podfile.lock. Run 'pod install' or update your CocoaPods installation.\" >&2\n    exit 1\nfi\n# This output is used by Xcode 'outputs' to avoid re-running this script phase.\necho \"SUCCESS\" > \"${SCRIPT_OUTPUT_FILE_0}\"\n";
			showEnvVarsInLog = 0;
		};
/* End PBXShellScriptBuildPhase section */

/* Begin PBXSourcesBuildPhase section */
		F9AD84682AA8196A00B9E98F /* Sources */ = {
			isa = PBXSourcesBuildPhase;
			buildActionMask = 2147483647;
			files = (
				F9AD84742AA8196A00B9E98F /* ViewController.swift in Sources */,
				F9AD848D2AA8783300B9E98F /* BaseNavigationController.swift in Sources */,
				F9AD84962AAB133700B9E98F /* ProductCollectionViewCell.swift in Sources */,
				F9AD84702AA8196A00B9E98F /* AppDelegate.swift in Sources */,
				F9AD84942AAB09AB00B9E98F /* HomeRecommendViewController.swift in Sources */,
				F9AD84722AA8196A00B9E98F /* SceneDelegate.swift in Sources */,
				F9C986162AB1BF1D00780A79 /* Api.swift in Sources */,
				F9AD84852AA8513700B9E98F /* HomeViewController.swift in Sources */,
				F988E3682ABAF4D700C6509F /* Macro.swift in Sources */,
				F988E3662ABAE9CC00C6509F /* Basic.swift in Sources */,
				F9C986122AAF105E00780A79 /* ProductModel.swift in Sources */,
				F9AD848B2AA85F7200B9E98F /* CartViewController.swift in Sources */,
				F9AD84882AA8518D00B9E98F /* MessageViewController.swift in Sources */,
				F9E2F1C32AB98D1200E17422 /* ModuleConfigData.swift in Sources */,
				F9AD84982AAB14B900B9E98F /* HomeBrandListController.swift in Sources */,
				F9AD84922AA970BA00B9E98F /* HomeNavigationView.swift in Sources */,
			);
			runOnlyForDeploymentPostprocessing = 0;
		};
/* End PBXSourcesBuildPhase section */

/* Begin PBXVariantGroup section */
		F9AD84752AA8196A00B9E98F /* Main.storyboard */ = {
			isa = PBXVariantGroup;
			children = (
				F9AD84762AA8196A00B9E98F /* Base */,
			);
			name = Main.storyboard;
			sourceTree = "<group>";
		};
		F9AD847A2AA8196D00B9E98F /* LaunchScreen.storyboard */ = {
			isa = PBXVariantGroup;
			children = (
				F9AD847B2AA8196D00B9E98F /* Base */,
			);
			name = LaunchScreen.storyboard;
			sourceTree = "<group>";
		};
/* End PBXVariantGroup section */

/* Begin XCBuildConfiguration section */
		F9AD847E2AA8196D00B9E98F /* Debug */ = {
			isa = XCBuildConfiguration;
			buildSettings = {
				ALWAYS_SEARCH_USER_PATHS = NO;
				CLANG_ANALYZER_NONNULL = YES;
				CLANG_ANALYZER_NUMBER_OBJECT_CONVERSION = YES_AGGRESSIVE;
				CLANG_CXX_LANGUAGE_STANDARD = "gnu++20";
				CLANG_ENABLE_MODULES = YES;
				CLANG_ENABLE_OBJC_ARC = YES;
				CLANG_ENABLE_OBJC_WEAK = YES;
				CLANG_WARN_BLOCK_CAPTURE_AUTORELEASING = YES;
				CLANG_WARN_BOOL_CONVERSION = YES;
				CLANG_WARN_COMMA = YES;
				CLANG_WARN_CONSTANT_CONVERSION = YES;
				CLANG_WARN_DEPRECATED_OBJC_IMPLEMENTATIONS = YES;
				CLANG_WARN_DIRECT_OBJC_ISA_USAGE = YES_ERROR;
				CLANG_WARN_DOCUMENTATION_COMMENTS = YES;
				CLANG_WARN_EMPTY_BODY = YES;
				CLANG_WARN_ENUM_CONVERSION = YES;
				CLANG_WARN_INFINITE_RECURSION = YES;
				CLANG_WARN_INT_CONVERSION = YES;
				CLANG_WARN_NON_LITERAL_NULL_CONVERSION = YES;
				CLANG_WARN_OBJC_IMPLICIT_RETAIN_SELF = YES;
				CLANG_WARN_OBJC_LITERAL_CONVERSION = YES;
				CLANG_WARN_OBJC_ROOT_CLASS = YES_ERROR;
				CLANG_WARN_QUOTED_INCLUDE_IN_FRAMEWORK_HEADER = YES;
				CLANG_WARN_RANGE_LOOP_ANALYSIS = YES;
				CLANG_WARN_STRICT_PROTOTYPES = YES;
				CLANG_WARN_SUSPICIOUS_MOVE = YES;
				CLANG_WARN_UNGUARDED_AVAILABILITY = YES_AGGRESSIVE;
				CLANG_WARN_UNREACHABLE_CODE = YES;
				CLANG_WARN__DUPLICATE_METHOD_MATCH = YES;
				COPY_PHASE_STRIP = NO;
				DEBUG_INFORMATION_FORMAT = dwarf;
				ENABLE_STRICT_OBJC_MSGSEND = YES;
				ENABLE_TESTABILITY = YES;
				GCC_C_LANGUAGE_STANDARD = gnu11;
				GCC_DYNAMIC_NO_PIC = NO;
				GCC_NO_COMMON_BLOCKS = YES;
				GCC_OPTIMIZATION_LEVEL = 0;
				GCC_PREPROCESSOR_DEFINITIONS = (
					"DEBUG=1",
					"$(inherited)",
				);
				GCC_WARN_64_TO_32_BIT_CONVERSION = YES;
				GCC_WARN_ABOUT_RETURN_TYPE = YES_ERROR;
				GCC_WARN_UNDECLARED_SELECTOR = YES;
				GCC_WARN_UNINITIALIZED_AUTOS = YES_AGGRESSIVE;
				GCC_WARN_UNUSED_FUNCTION = YES;
				GCC_WARN_UNUSED_VARIABLE = YES;
				IPHONEOS_DEPLOYMENT_TARGET = 16.0;
				MTL_ENABLE_DEBUG_INFO = INCLUDE_SOURCE;
				MTL_FAST_MATH = YES;
				ONLY_ACTIVE_ARCH = YES;
				SDKROOT = iphoneos;
				SWIFT_ACTIVE_COMPILATION_CONDITIONS = DEBUG;
				SWIFT_OPTIMIZATION_LEVEL = "-Onone";
			};
			name = Debug;
		};
		F9AD847F2AA8196D00B9E98F /* Release */ = {
			isa = XCBuildConfiguration;
			buildSettings = {
				ALWAYS_SEARCH_USER_PATHS = NO;
				CLANG_ANALYZER_NONNULL = YES;
				CLANG_ANALYZER_NUMBER_OBJECT_CONVERSION = YES_AGGRESSIVE;
				CLANG_CXX_LANGUAGE_STANDARD = "gnu++20";
				CLANG_ENABLE_MODULES = YES;
				CLANG_ENABLE_OBJC_ARC = YES;
				CLANG_ENABLE_OBJC_WEAK = YES;
				CLANG_WARN_BLOCK_CAPTURE_AUTORELEASING = YES;
				CLANG_WARN_BOOL_CONVERSION = YES;
				CLANG_WARN_COMMA = YES;
				CLANG_WARN_CONSTANT_CONVERSION = YES;
				CLANG_WARN_DEPRECATED_OBJC_IMPLEMENTATIONS = YES;
				CLANG_WARN_DIRECT_OBJC_ISA_USAGE = YES_ERROR;
				CLANG_WARN_DOCUMENTATION_COMMENTS = YES;
				CLANG_WARN_EMPTY_BODY = YES;
				CLANG_WARN_ENUM_CONVERSION = YES;
				CLANG_WARN_INFINITE_RECURSION = YES;
				CLANG_WARN_INT_CONVERSION = YES;
				CLANG_WARN_NON_LITERAL_NULL_CONVERSION = YES;
				CLANG_WARN_OBJC_IMPLICIT_RETAIN_SELF = YES;
				CLANG_WARN_OBJC_LITERAL_CONVERSION = YES;
				CLANG_WARN_OBJC_ROOT_CLASS = YES_ERROR;
				CLANG_WARN_QUOTED_INCLUDE_IN_FRAMEWORK_HEADER = YES;
				CLANG_WARN_RANGE_LOOP_ANALYSIS = YES;
				CLANG_WARN_STRICT_PROTOTYPES = YES;
				CLANG_WARN_SUSPICIOUS_MOVE = YES;
				CLANG_WARN_UNGUARDED_AVAILABILITY = YES_AGGRESSIVE;
				CLANG_WARN_UNREACHABLE_CODE = YES;
				CLANG_WARN__DUPLICATE_METHOD_MATCH = YES;
				COPY_PHASE_STRIP = NO;
				DEBUG_INFORMATION_FORMAT = "dwarf-with-dsym";
				ENABLE_NS_ASSERTIONS = NO;
				ENABLE_STRICT_OBJC_MSGSEND = YES;
				GCC_C_LANGUAGE_STANDARD = gnu11;
				GCC_NO_COMMON_BLOCKS = YES;
				GCC_WARN_64_TO_32_BIT_CONVERSION = YES;
				GCC_WARN_ABOUT_RETURN_TYPE = YES_ERROR;
				GCC_WARN_UNDECLARED_SELECTOR = YES;
				GCC_WARN_UNINITIALIZED_AUTOS = YES_AGGRESSIVE;
				GCC_WARN_UNUSED_FUNCTION = YES;
				GCC_WARN_UNUSED_VARIABLE = YES;
				IPHONEOS_DEPLOYMENT_TARGET = 16.0;
				MTL_ENABLE_DEBUG_INFO = NO;
				MTL_FAST_MATH = YES;
				SDKROOT = iphoneos;
				SWIFT_COMPILATION_MODE = wholemodule;
				SWIFT_OPTIMIZATION_LEVEL = "-O";
				VALIDATE_PRODUCT = YES;
			};
			name = Release;
		};
		F9AD84812AA8196D00B9E98F /* Debug */ = {
			isa = XCBuildConfiguration;
			baseConfigurationReference = 53F01E29B03127FEF4391B89 /* Pods-TigerCityInSwift.debug.xcconfig */;
			buildSettings = {
				ASSETCATALOG_COMPILER_APPICON_NAME = AppIcon;
				ASSETCATALOG_COMPILER_GLOBAL_ACCENT_COLOR_NAME = AccentColor;
				CODE_SIGN_STYLE = Automatic;
				CURRENT_PROJECT_VERSION = 1;
				DEVELOPMENT_TEAM = S4CF947VHT;
				GENERATE_INFOPLIST_FILE = YES;
				INFOPLIST_FILE = TigerCityInSwift/Info.plist;
				INFOPLIST_KEY_UIApplicationSupportsIndirectInputEvents = YES;
				INFOPLIST_KEY_UILaunchStoryboardName = LaunchScreen;
				INFOPLIST_KEY_UIMainStoryboardFile = Main;
				INFOPLIST_KEY_UISupportedInterfaceOrientations = UIInterfaceOrientationPortrait;
				IPHONEOS_DEPLOYMENT_TARGET = 13.0;
				LD_RUNPATH_SEARCH_PATHS = (
					"$(inherited)",
					"@executable_path/Frameworks",
				);
				MARKETING_VERSION = 1.0;
				PRODUCT_BUNDLE_IDENTIFIER = com.tigerCity.TigerCityInSwift;
				PRODUCT_NAME = "$(TARGET_NAME)";
				SWIFT_EMIT_LOC_STRINGS = YES;
				SWIFT_VERSION = 5.0;
				TARGETED_DEVICE_FAMILY = "1,2";
			};
			name = Debug;
		};
		F9AD84822AA8196D00B9E98F /* Release */ = {
			isa = XCBuildConfiguration;
			baseConfigurationReference = 74E00135B7EF32B24F9EDF08 /* Pods-TigerCityInSwift.release.xcconfig */;
			buildSettings = {
				ASSETCATALOG_COMPILER_APPICON_NAME = AppIcon;
				ASSETCATALOG_COMPILER_GLOBAL_ACCENT_COLOR_NAME = AccentColor;
				CODE_SIGN_STYLE = Automatic;
				CURRENT_PROJECT_VERSION = 1;
				DEVELOPMENT_TEAM = S4CF947VHT;
				GENERATE_INFOPLIST_FILE = YES;
				INFOPLIST_FILE = TigerCityInSwift/Info.plist;
				INFOPLIST_KEY_UIApplicationSupportsIndirectInputEvents = YES;
				INFOPLIST_KEY_UILaunchStoryboardName = LaunchScreen;
				INFOPLIST_KEY_UIMainStoryboardFile = Main;
				INFOPLIST_KEY_UISupportedInterfaceOrientations = UIInterfaceOrientationPortrait;
				IPHONEOS_DEPLOYMENT_TARGET = 13.0;
				LD_RUNPATH_SEARCH_PATHS = (
					"$(inherited)",
					"@executable_path/Frameworks",
				);
				MARKETING_VERSION = 1.0;
				PRODUCT_BUNDLE_IDENTIFIER = com.tigerCity.TigerCityInSwift;
				PRODUCT_NAME = "$(TARGET_NAME)";
				SWIFT_EMIT_LOC_STRINGS = YES;
				SWIFT_VERSION = 5.0;
				TARGETED_DEVICE_FAMILY = "1,2";
			};
			name = Release;
		};
/* End XCBuildConfiguration section */

/* Begin XCConfigurationList section */
		F9AD84672AA8196A00B9E98F /* Build configuration list for PBXProject "TigerCityInSwift" */ = {
			isa = XCConfigurationList;
			buildConfigurations = (
				F9AD847E2AA8196D00B9E98F /* Debug */,
				F9AD847F2AA8196D00B9E98F /* Release */,
			);
			defaultConfigurationIsVisible = 0;
			defaultConfigurationName = Release;
		};
		F9AD84802AA8196D00B9E98F /* Build configuration list for PBXNativeTarget "TigerCityInSwift" */ = {
			isa = XCConfigurationList;
			buildConfigurations = (
				F9AD84812AA8196D00B9E98F /* Debug */,
				F9AD84822AA8196D00B9E98F /* Release */,
			);
			defaultConfigurationIsVisible = 0;
			defaultConfigurationName = Release;
		};
/* End XCConfigurationList section */
	};
	rootObject = F9AD84642AA8196A00B9E98F /* Project object */;
}
